{
  "pins" : [
    {
      "identity" : "mpv-build",
      "kind" : "remoteSourceControl",
      "location" : "https://github.com/swmarks/mpv-build",
      "state" : {
        "revision" : "17d66839404b952c3c52e7e8cd024e5a2536d2c1"
      }
    },
    {
      "identity" : "sentry-cocoa",
      "kind" : "remoteSourceControl",
      "location" : "https://github.com/getsentry/sentry-cocoa",
      "state" : {
        "revision" : "f196cbb98e0388381d57908f2f5a9bdc385cde68",
        "version" : "8.58.4"
      }
    }
  ],
  "version" : 2
}
